
Microsoft Visual Studio Solution File, Format Version 12.00
# Visual Studio Version 17
VisualStudioVersion = 17.3.32901.215
MinimumVisualStudioVersion = 10.0.40219.1
Project("{2150E333-8FDC-42A3-9474-1A3956D46DE8}") = "Core", "Core", "{7B7BA0B3-4073-43F9-83F6-7CA0CCC6E1C8}"
EndProject
Project("{9A19103F-16F7-4668-BE54-9A1E7A4F7556}") = "Azox.Core", "src\Core\Core\Azox.Core.csproj", "{3AA36A56-B33C-4AF0-9EFE-A7450E403F3F}"
EndProject
Project("{9A19103F-16F7-4668-BE54-9A1E7A4F7556}") = "Azox.Business.Core", "src\Core\Business\Azox.Business.Core.csproj", "{913F9643-DC05-4619-8BF7-7C99768DD850}"
EndProject
Project("{2150E333-8FDC-42A3-9474-1A3956D46DE8}") = "XQR", "XQR", "{0D6484DA-0605-4882-AE0F-5E53DDA18990}"
EndProject
Project("{2150E333-8FDC-42A3-9474-1A3956D46DE8}") = "Business", "Business", "{817EEF0F-3B9E-4368-B938-97F30214A8F0}"
EndProject
Project("{9A19103F-16F7-4668-BE54-9A1E7A4F7556}") = "Azox.XQR.Business", "src\XQR\Business\Azox.XQR.Business.csproj", "{FF35E376-5F34-4B85-9414-159A2AAF354C}"
EndProject
Project("{2150E333-8FDC-42A3-9474-1A3956D46DE8}") = "Persistence", "Persistence", "{345DEBD2-C40B-454F-907D-E6B385E45C5B}"
EndProject
Project("{9A19103F-16F7-4668-BE54-9A1E7A4F7556}") = "Azox.XQR.Persistence", "src\XQR\Persistence\Azox.XQR.Persistence.csproj", "{2F950027-DC45-4EB9-8D75-F4571C3BDA1D}"
EndProject
Project("{2150E333-8FDC-42A3-9474-1A3956D46DE8}") = "Infrastructure", "Infrastructure", "{617926C3-9F98-4FC6-81F5-29F17F2A7604}"
EndProject
Project("{9A19103F-16F7-4668-BE54-9A1E7A4F7556}") = "Azox.XQR.Infrastructure", "src\XQR\Infrastructure\Azox.XQR.Infrastructure.csproj", "{00DD5ADE-AB00-40DF-BCD5-923C287E2C22}"
EndProject
Project("{9A19103F-16F7-4668-BE54-9A1E7A4F7556}") = "Azox.Infrastructure.Core", "src\Core\Infrastructure\Azox.Infrastructure.Core.csproj", "{90B18135-90E9-44E0-B63F-B67328310FF1}"
EndProject
Project("{9A19103F-16F7-4668-BE54-9A1E7A4F7556}") = "Azox.Persistence.Core", "src\Core\Persistence\Azox.Persistence.Core.csproj", "{1BDB469C-674B-48C4-B728-9585029158BC}"
EndProject
Project("{2150E333-8FDC-42A3-9474-1A3956D46DE8}") = "Presentation", "Presentation", "{5355408E-10FE-422A-9A71-D15C1A3B7F80}"
EndProject
Project("{9A19103F-16F7-4668-BE54-9A1E7A4F7556}") = "Azox.Toolkit.Blazor", "src\Core\Toolkit\Azox.Toolkit.Blazor.csproj", "{22909CA0-6790-4DA9-835C-E18DB974E847}"
EndProject
Project("{2150E333-8FDC-42A3-9474-1A3956D46DE8}") = "SolutionItems", "SolutionItems", "{B4AEB7AB-C1FA-412E-BAA0-4DF74A6F0C61}"
	ProjectSection(SolutionItems) = preProject
		.editorconfig = .editorconfig
	EndProjectSection
EndProject
Project("{9A19103F-16F7-4668-BE54-9A1E7A4F7556}") = "Azox.XQR.Presentation.Core", "src\XQR\Presentation\Core\Azox.XQR.Presentation.Core.csproj", "{CF6A2A4D-5560-4C55-849C-3AFC246CDD34}"
EndProject
Project("{9A19103F-16F7-4668-BE54-9A1E7A4F7556}") = "Azox.XQR.Presentation.Web", "src\XQR\Presentation\Web\Azox.XQR.Presentation.Web.csproj", "{AA876976-82AA-4CB2-BE96-66BBAB2717E1}"
EndProject
Project("{FAE04EC0-301F-11D3-BF4B-00C04F79EFBC}") = "Azox.Messaging.RabbitMQ", "src\Core\Messaging\RabbitMQ\Azox.Messaging.RabbitMQ.csproj", "{ED6B2660-E6BF-4D06-B30C-92E5E7725CEE}"
EndProject
Project("{FAE04EC0-301F-11D3-BF4B-00C04F79EFBC}") = "Azox.XQR.Presentation.WebAPI", "src\XQR\Presentation\WebAPI\Azox.XQR.Presentation.WebAPI.csproj", "{15E1DE9B-B580-4A30-B352-8BEC563C9182}"
EndProject
Project("{FAE04EC0-301F-11D3-BF4B-00C04F79EFBC}") = "Azox.XQR.Presentation.Mobile", "src\XQR\Presentation\Mobile\Azox.XQR.Presentation.Mobile.csproj", "{C9DC7EA8-C90F-4818-A79F-E3E5A37FA972}"
EndProject
Global
	GlobalSection(SolutionConfigurationPlatforms) = preSolution
		Debug|Any CPU = Debug|Any CPU
		Release|Any CPU = Release|Any CPU
	EndGlobalSection
	GlobalSection(ProjectConfigurationPlatforms) = postSolution
		{3AA36A56-B33C-4AF0-9EFE-A7450E403F3F}.Debug|Any CPU.ActiveCfg = Debug|Any CPU
		{3AA36A56-B33C-4AF0-9EFE-A7450E403F3F}.Debug|Any CPU.Build.0 = Debug|Any CPU
		{3AA36A56-B33C-4AF0-9EFE-A7450E403F3F}.Release|Any CPU.ActiveCfg = Release|Any CPU
		{3AA36A56-B33C-4AF0-9EFE-A7450E403F3F}.Release|Any CPU.Build.0 = Release|Any CPU
		{913F9643-DC05-4619-8BF7-7C99768DD850}.Debug|Any CPU.ActiveCfg = Debug|Any CPU
		{913F9643-DC05-4619-8BF7-7C99768DD850}.Debug|Any CPU.Build.0 = Debug|Any CPU
		{913F9643-DC05-4619-8BF7-7C99768DD850}.Release|Any CPU.ActiveCfg = Release|Any CPU
		{913F9643-DC05-4619-8BF7-7C99768DD850}.Release|Any CPU.Build.0 = Release|Any CPU
		{FF35E376-5F34-4B85-9414-159A2AAF354C}.Debug|Any CPU.ActiveCfg = Debug|Any CPU
		{FF35E376-5F34-4B85-9414-159A2AAF354C}.Debug|Any CPU.Build.0 = Debug|Any CPU
		{FF35E376-5F34-4B85-9414-159A2AAF354C}.Release|Any CPU.ActiveCfg = Release|Any CPU
		{FF35E376-5F34-4B85-9414-159A2AAF354C}.Release|Any CPU.Build.0 = Release|Any CPU
		{2F950027-DC45-4EB9-8D75-F4571C3BDA1D}.Debug|Any CPU.ActiveCfg = Debug|Any CPU
		{2F950027-DC45-4EB9-8D75-F4571C3BDA1D}.Debug|Any CPU.Build.0 = Debug|Any CPU
		{2F950027-DC45-4EB9-8D75-F4571C3BDA1D}.Release|Any CPU.ActiveCfg = Release|Any CPU
		{2F950027-DC45-4EB9-8D75-F4571C3BDA1D}.Release|Any CPU.Build.0 = Release|Any CPU
		{00DD5ADE-AB00-40DF-BCD5-923C287E2C22}.Debug|Any CPU.ActiveCfg = Debug|Any CPU
		{00DD5ADE-AB00-40DF-BCD5-923C287E2C22}.Debug|Any CPU.Build.0 = Debug|Any CPU
		{00DD5ADE-AB00-40DF-BCD5-923C287E2C22}.Release|Any CPU.ActiveCfg = Release|Any CPU
		{00DD5ADE-AB00-40DF-BCD5-923C287E2C22}.Release|Any CPU.Build.0 = Release|Any CPU
		{90B18135-90E9-44E0-B63F-B67328310FF1}.Debug|Any CPU.ActiveCfg = Debug|Any CPU
		{90B18135-90E9-44E0-B63F-B67328310FF1}.Debug|Any CPU.Build.0 = Debug|Any CPU
		{90B18135-90E9-44E0-B63F-B67328310FF1}.Release|Any CPU.ActiveCfg = Release|Any CPU
		{90B18135-90E9-44E0-B63F-B67328310FF1}.Release|Any CPU.Build.0 = Release|Any CPU
		{1BDB469C-674B-48C4-B728-9585029158BC}.Debug|Any CPU.ActiveCfg = Debug|Any CPU
		{1BDB469C-674B-48C4-B728-9585029158BC}.Debug|Any CPU.Build.0 = Debug|Any CPU
		{1BDB469C-674B-48C4-B728-9585029158BC}.Release|Any CPU.ActiveCfg = Release|Any CPU
		{1BDB469C-674B-48C4-B728-9585029158BC}.Release|Any CPU.Build.0 = Release|Any CPU
		{22909CA0-6790-4DA9-835C-E18DB974E847}.Debug|Any CPU.ActiveCfg = Debug|Any CPU
		{22909CA0-6790-4DA9-835C-E18DB974E847}.Debug|Any CPU.Build.0 = Debug|Any CPU
		{22909CA0-6790-4DA9-835C-E18DB974E847}.Release|Any CPU.ActiveCfg = Release|Any CPU
		{22909CA0-6790-4DA9-835C-E18DB974E847}.Release|Any CPU.Build.0 = Release|Any CPU
		{CF6A2A4D-5560-4C55-849C-3AFC246CDD34}.Debug|Any CPU.ActiveCfg = Debug|Any CPU
		{CF6A2A4D-5560-4C55-849C-3AFC246CDD34}.Debug|Any CPU.Build.0 = Debug|Any CPU
		{CF6A2A4D-5560-4C55-849C-3AFC246CDD34}.Release|Any CPU.ActiveCfg = Release|Any CPU
		{CF6A2A4D-5560-4C55-849C-3AFC246CDD34}.Release|Any CPU.Build.0 = Release|Any CPU
		{AA876976-82AA-4CB2-BE96-66BBAB2717E1}.Debug|Any CPU.ActiveCfg = Debug|Any CPU
		{AA876976-82AA-4CB2-BE96-66BBAB2717E1}.Debug|Any CPU.Build.0 = Debug|Any CPU
		{AA876976-82AA-4CB2-BE96-66BBAB2717E1}.Release|Any CPU.ActiveCfg = Release|Any CPU
		{AA876976-82AA-4CB2-BE96-66BBAB2717E1}.Release|Any CPU.Build.0 = Release|Any CPU
		{ED6B2660-E6BF-4D06-B30C-92E5E7725CEE}.Debug|Any CPU.ActiveCfg = Debug|Any CPU
		{ED6B2660-E6BF-4D06-B30C-92E5E7725CEE}.Debug|Any CPU.Build.0 = Debug|Any CPU
		{ED6B2660-E6BF-4D06-B30C-92E5E7725CEE}.Release|Any CPU.ActiveCfg = Release|Any CPU
		{ED6B2660-E6BF-4D06-B30C-92E5E7725CEE}.Release|Any CPU.Build.0 = Release|Any CPU
		{15E1DE9B-B580-4A30-B352-8BEC563C9182}.Debug|Any CPU.ActiveCfg = Debug|Any CPU
		{15E1DE9B-B580-4A30-B352-8BEC563C9182}.Debug|Any CPU.Build.0 = Debug|Any CPU
		{15E1DE9B-B580-4A30-B352-8BEC563C9182}.Release|Any CPU.ActiveCfg = Release|Any CPU
		{15E1DE9B-B580-4A30-B352-8BEC563C9182}.Release|Any CPU.Build.0 = Release|Any CPU
		{C9DC7EA8-C90F-4818-A79F-E3E5A37FA972}.Debug|Any CPU.ActiveCfg = Debug|Any CPU
		{C9DC7EA8-C90F-4818-A79F-E3E5A37FA972}.Debug|Any CPU.Build.0 = Debug|Any CPU
		{C9DC7EA8-C90F-4818-A79F-E3E5A37FA972}.Debug|Any CPU.Deploy.0 = Debug|Any CPU
		{C9DC7EA8-C90F-4818-A79F-E3E5A37FA972}.Release|Any CPU.ActiveCfg = Release|Any CPU
		{C9DC7EA8-C90F-4818-A79F-E3E5A37FA972}.Release|Any CPU.Build.0 = Release|Any CPU
		{C9DC7EA8-C90F-4818-A79F-E3E5A37FA972}.Release|Any CPU.Deploy.0 = Release|Any CPU
	EndGlobalSection
	GlobalSection(SolutionProperties) = preSolution
		HideSolutionNode = FALSE
	EndGlobalSection
	GlobalSection(NestedProjects) = preSolution
		{3AA36A56-B33C-4AF0-9EFE-A7450E403F3F} = {7B7BA0B3-4073-43F9-83F6-7CA0CCC6E1C8}
		{913F9643-DC05-4619-8BF7-7C99768DD850} = {7B7BA0B3-4073-43F9-83F6-7CA0CCC6E1C8}
		{817EEF0F-3B9E-4368-B938-97F30214A8F0} = {0D6484DA-0605-4882-AE0F-5E53DDA18990}
		{FF35E376-5F34-4B85-9414-159A2AAF354C} = {817EEF0F-3B9E-4368-B938-97F30214A8F0}
		{345DEBD2-C40B-454F-907D-E6B385E45C5B} = {0D6484DA-0605-4882-AE0F-5E53DDA18990}
		{2F950027-DC45-4EB9-8D75-F4571C3BDA1D} = {345DEBD2-C40B-454F-907D-E6B385E45C5B}
		{617926C3-9F98-4FC6-81F5-29F17F2A7604} = {0D6484DA-0605-4882-AE0F-5E53DDA18990}
		{00DD5ADE-AB00-40DF-BCD5-923C287E2C22} = {617926C3-9F98-4FC6-81F5-29F17F2A7604}
		{90B18135-90E9-44E0-B63F-B67328310FF1} = {7B7BA0B3-4073-43F9-83F6-7CA0CCC6E1C8}
		{1BDB469C-674B-48C4-B728-9585029158BC} = {7B7BA0B3-4073-43F9-83F6-7CA0CCC6E1C8}
		{5355408E-10FE-422A-9A71-D15C1A3B7F80} = {0D6484DA-0605-4882-AE0F-5E53DDA18990}
		{22909CA0-6790-4DA9-835C-E18DB974E847} = {7B7BA0B3-4073-43F9-83F6-7CA0CCC6E1C8}
		{CF6A2A4D-5560-4C55-849C-3AFC246CDD34} = {5355408E-10FE-422A-9A71-D15C1A3B7F80}
		{AA876976-82AA-4CB2-BE96-66BBAB2717E1} = {5355408E-10FE-422A-9A71-D15C1A3B7F80}
		{ED6B2660-E6BF-4D06-B30C-92E5E7725CEE} = {7B7BA0B3-4073-43F9-83F6-7CA0CCC6E1C8}
		{15E1DE9B-B580-4A30-B352-8BEC563C9182} = {5355408E-10FE-422A-9A71-D15C1A3B7F80}
		{C9DC7EA8-C90F-4818-A79F-E3E5A37FA972} = {5355408E-10FE-422A-9A71-D15C1A3B7F80}
	EndGlobalSection
	GlobalSection(ExtensibilityGlobals) = postSolution
		SolutionGuid = {D956FB10-0D36-4BFF-B4F2-663EA77DAF44}
	EndGlobalSection
EndGlobal
